
Microsoft Visual Studio Solution File, Format Version 12.00
# Visual Studio Version 16
VisualStudioVersion = 16.0.31129.286
MinimumVisualStudioVersion = 10.0.40219.1
Project("{FAE04EC0-301F-11D3-BF4B-00C04F79EFBC}") = "ScientificCalculator", "ScientificCalculator\ScientificCalculator.csproj", "{FEFD6204-7B71-4AB8-842C-A1F471FC76BF}"
EndProject
Global
	GlobalSection(SolutionConfigurationPlatforms) = preSolution
		Debug|Any CPU = Debug|Any CPU
		Release|Any CPU = Release|Any CPU
	EndGlobalSection
	GlobalSection(ProjectConfigurationPlatforms) = postSolution
		{FEFD6204-7B71-4AB8-842C-A1F471FC76BF}.Debug|Any CPU.ActiveCfg = Debug|Any CPU
		{FEFD6204-7B71-4AB8-842C-A1F471FC76BF}.Debug|Any CPU.Build.0 = Debug|Any CPU
		{FEFD6204-7B71-4AB8-842C-A1F471FC76BF}.Release|Any CPU.ActiveCfg = Release|Any CPU
		{FEFD6204-7B71-4AB8-842C-A1F471FC76BF}.Release|Any CPU.Build.0 = Release|Any CPU
	EndGlobalSection
	GlobalSection(SolutionProperties) = preSolution
		HideSolutionNode = FALSE
	EndGlobalSection
	GlobalSection(ExtensibilityGlobals) = postSolution
		SolutionGuid = {AD15CD3E-418E-423A-B381-E4E0638BA5C0}
	EndGlobalSection
EndGlobal
